{
  "nodes": {
    "alacritty-ligature-src": {
      "flake": false,
      "locked": {
        "lastModified": 1612842776,
        "narHash": "sha256-1dGk4ORzMSUQhuKSt5Yo7rOJCJ5/folwPX2tLiu0suA=",
        "owner": "zenixls2",
        "repo": "alacritty",
        "rev": "3ed043046fc74f288d4c8fa7e4463dc201213500",
        "type": "github"
      },
      "original": {
        "owner": "zenixls2",
        "ref": "ligature",
        "repo": "alacritty",
        "type": "github"
      }
    },
    "alacritty-sixel-src": {
      "flake": false,
      "locked": {
        "lastModified": 1664887746,
        "narHash": "sha256-su3ul5LF8CLBy/2/GQ2gpbbP8C+cLziRplGTf714beE=",
        "owner": "microo8",
        "repo": "alacritty-sixel",
        "rev": "53110c6ecfc49d8e9298e90d1779a5d156d191fe",
        "type": "github"
      },
      "original": {
        "owner": "microo8",
        "repo": "alacritty-sixel",
        "type": "github"
      }
    },
    "alacritty-src": {
      "flake": false,
      "locked": {
        "lastModified": 1666131100,
        "narHash": "sha256-KPQDTMTr1S6Sf9o6sJVjAGFm5i7p/h/GHOVTt4ukd7k=",
        "owner": "alacritty",
        "repo": "alacritty",
        "rev": "c3b915b6952f0fa47d362d8f2474b6b8464ac8a7",
        "type": "github"
      },
      "original": {
        "owner": "alacritty",
        "repo": "alacritty",
        "type": "github"
      }
    },
    "flake-compat": {
      "flake": false,
      "locked": {
        "lastModified": 1650374568,
        "narHash": "sha256-Z+s0J8/r907g149rllvwhb4pKi8Wam5ij0st8PwAh+E=",
        "owner": "edolstra",
        "repo": "flake-compat",
        "rev": "b4a34015c698c7793d592d66adbab377907a2be8",
        "type": "github"
      },
      "original": {
        "owner": "edolstra",
        "repo": "flake-compat",
        "type": "github"
      }
    },
    "flake-utils": {
      "locked": {
        "lastModified": 1659877975,
        "narHash": "sha256-zllb8aq3YO3h8B/U0/J1WBgAL8EX5yWf5pMj3G0NAmc=",
        "owner": "numtide",
        "repo": "flake-utils",
        "rev": "c0e246b9b83f637f4681389ecabcb2681b4f3af0",
        "type": "github"
      },
      "original": {
        "owner": "numtide",
        "repo": "flake-utils",
        "type": "github"
      }
    },
    "naersk": {
      "inputs": {
        "nixpkgs": [
          "nixpkgs"
        ]
      },
      "locked": {
        "lastModified": 1662220400,
        "narHash": "sha256-9o2OGQqu4xyLZP9K6kNe1pTHnyPz0Wr3raGYnr9AIgY=",
        "owner": "nix-community",
        "repo": "naersk",
        "rev": "6944160c19cb591eb85bbf9b2f2768a935623ed3",
        "type": "github"
      },
      "original": {
        "owner": "nix-community",
        "repo": "naersk",
        "type": "github"
      }
    },
    "nixpkgs": {
      "locked": {
        "lastModified": 1666275482,
        "narHash": "sha256-P5cxOmp1Yi2miEDLQas8GLQQ4W54zYgHd2frvs+lERQ=",
        "owner": "nixos",
        "repo": "nixpkgs",
        "rev": "d639b2dfacdb3464faa11936a8c751ea3ff57775",
        "type": "github"
      },
      "original": {
        "owner": "nixos",
        "ref": "nixpkgs-unstable",
        "repo": "nixpkgs",
        "type": "github"
      }
    },
    "root": {
      "inputs": {
        "alacritty-ligature-src": "alacritty-ligature-src",
        "alacritty-sixel-src": "alacritty-sixel-src",
        "alacritty-src": "alacritty-src",
        "flake-compat": "flake-compat",
        "flake-utils": "flake-utils",
        "naersk": "naersk",
        "nixpkgs": "nixpkgs"
      }
    }
  },
  "root": "root",
  "version": 7
}
