{
  "nodes": {
    "alacritty-ligature-src": {
      "flake": false,
      "locked": {
        "lastModified": 1612842776,
        "narHash": "sha256-1dGk4ORzMSUQhuKSt5Yo7rOJCJ5/folwPX2tLiu0suA=",
        "owner": "zenixls2",
        "repo": "alacritty",
        "rev": "3ed043046fc74f288d4c8fa7e4463dc201213500",
        "type": "github"
      },
      "original": {
        "owner": "zenixls2",
        "ref": "ligature",
        "repo": "alacritty",
        "type": "github"
      }
    },
    "alacritty-src": {
      "flake": false,
      "locked": {
        "lastModified": 1626053677,
        "narHash": "sha256-8wf+s/B9KGIunETxs2Sv6b1MU6GS0VeOlZ64BAUrSxs=",
        "owner": "alacritty",
        "repo": "alacritty",
        "rev": "01a7ad946e75ef9ff7847ad73f2fe40e3e5d8a5f",
        "type": "github"
      },
      "original": {
        "owner": "alacritty",
        "repo": "alacritty",
        "type": "github"
      }
    },
    "fenix": {
      "inputs": {
        "naersk": "naersk",
        "nixpkgs": [
          "nixpkgs"
        ],
        "rust-analyzer-src": "rust-analyzer-src"
      },
      "locked": {
        "lastModified": 1626056524,
        "narHash": "sha256-jTIWj500Pzjpi2QBs+wcoM6x+y3xbYwkEF/f4wFuqhg=",
        "owner": "nix-community",
        "repo": "fenix",
        "rev": "23c9408f4cf9cb85e8e134cd9be012f211a2b952",
        "type": "github"
      },
      "original": {
        "owner": "nix-community",
        "repo": "fenix",
        "type": "github"
      }
    },
    "flake-utils": {
      "locked": {
        "lastModified": 1623875721,
        "narHash": "sha256-A8BU7bjS5GirpAUv4QA+QnJ4CceLHkcXdRp4xITDB0s=",
        "owner": "numtide",
        "repo": "flake-utils",
        "rev": "f7e004a55b120c02ecb6219596820fcd32ca8772",
        "type": "github"
      },
      "original": {
        "owner": "numtide",
        "repo": "flake-utils",
        "type": "github"
      }
    },
    "naersk": {
      "inputs": {
        "nixpkgs": [
          "nixpkgs"
        ]
      },
      "locked": {
        "lastModified": 1623927034,
        "narHash": "sha256-sGxlmfp5eXL5sAMNqHSb04Zq6gPl+JeltIZ226OYN0w=",
        "owner": "nmattia",
        "repo": "naersk",
        "rev": "e09c320446c5c2516d430803f7b19f5833781337",
        "type": "github"
      },
      "original": {
        "owner": "nmattia",
        "repo": "naersk",
        "type": "github"
      }
    },
    "naersk_2": {
      "inputs": {
        "nixpkgs": [
          "nixpkgs"
        ]
      },
      "locked": {
        "lastModified": 1623927034,
        "narHash": "sha256-sGxlmfp5eXL5sAMNqHSb04Zq6gPl+JeltIZ226OYN0w=",
        "owner": "nmattia",
        "repo": "naersk",
        "rev": "e09c320446c5c2516d430803f7b19f5833781337",
        "type": "github"
      },
      "original": {
        "owner": "nmattia",
        "repo": "naersk",
        "type": "github"
      }
    },
    "nixpkgs": {
      "locked": {
        "lastModified": 1625942347,
        "narHash": "sha256-gNxZar+Mc8lv8FbBldl8ztKtUZU3/SJuL5eqCjW/m7U=",
        "owner": "nixos",
        "repo": "nixpkgs",
        "rev": "fb45fa64ae3460d6bd2701ab5a6c4512d781f166",
        "type": "github"
      },
      "original": {
        "owner": "nixos",
        "ref": "nixpkgs-unstable",
        "repo": "nixpkgs",
        "type": "github"
      }
    },
    "root": {
      "inputs": {
        "alacritty-ligature-src": "alacritty-ligature-src",
        "alacritty-src": "alacritty-src",
        "fenix": "fenix",
        "flake-utils": "flake-utils",
        "naersk": "naersk_2",
        "nixpkgs": "nixpkgs"
      }
    },
    "rust-analyzer-src": {
      "flake": false,
      "locked": {
        "lastModified": 1626013688,
        "narHash": "sha256-nd8valnltycywxBObSVFbt4fySEYQknFsFf5ZnEbgOk=",
        "owner": "rust-analyzer",
        "repo": "rust-analyzer",
        "rev": "fe00358888a24c64878abc15f09b0e60e16db9d6",
        "type": "github"
      },
      "original": {
        "owner": "rust-analyzer",
        "ref": "nightly",
        "repo": "rust-analyzer",
        "type": "github"
      }
    }
  },
  "root": "root",
  "version": 7
}
